# THIS IS AN AUTOGENERATED FILE. DO NOT EDIT THIS FILE DIRECTLY.
# yarn lockfile v1


openzeppelin-solidity@4.4.1:
  version "4.4.1"
  resolved "https://registry.yarnpkg.com/openzeppelin-solidity/-/openzeppelin-solidity-4.4.1.tgz#e563af72f7b3d3f7a0b2f16c323a6311e496a9a4"
  integrity sha512-wM5xXSHl8uSdEd+Oq8y92goqCk4uYXIATNY0MYL+ZtviW7xcSmTtWTeV+dM6ZxkseKJMXE5iEksuR20NzMNSpg==
